{
    "name": "VSProjects",
    "lockfileVersion": 2,
    "requires": true,
    "packages": {
        "": {
            "dependencies": {
                "common-js": "^0.3.8"
            }
        },
        "node_modules/common-js": {
            "version": "0.3.8",
            "resolved": "https://registry.npmjs.org/common-js/-/common-js-0.3.8.tgz",
            "integrity": "sha512-83poCK3wlRnYqWdolJiYrMYvaBFzlDO1RwQVti2ZDBR2K5ifBGksu2cw3ZKFioEqB8FVLUmuu3OXxFUlSBk5UQ=="
        }
    },
    "dependencies": {
        "common-js": {
            "version": "0.3.8",
            "resolved": "https://registry.npmjs.org/common-js/-/common-js-0.3.8.tgz",
            "integrity": "sha512-83poCK3wlRnYqWdolJiYrMYvaBFzlDO1RwQVti2ZDBR2K5ifBGksu2cw3ZKFioEqB8FVLUmuu3OXxFUlSBk5UQ=="
        }
    }
}
