# THIS IS AN AUTOGENERATED FILE. DO NOT EDIT THIS FILE DIRECTLY.
# yarn lockfile v1


common-js@^0.3.8:
  version "0.3.8"
  resolved "https://registry.yarnpkg.com/common-js/-/common-js-0.3.8.tgz#f4328918b4ba376f981ad33a1b1fbb6614126ecb"
  integrity sha512-83poCK3wlRnYqWdolJiYrMYvaBFzlDO1RwQVti2ZDBR2K5ifBGksu2cw3ZKFioEqB8FVLUmuu3OXxFUlSBk5UQ==
